
Microsoft Visual Studio Solution File, Format Version 12.00
# Visual Studio Version 17
VisualStudioVersion = 17.11.35222.181
MinimumVisualStudioVersion = 10.0.40219.1
Project("{FAE04EC0-301F-11D3-BF4B-00C04F79EFBC}") = "lr1", "lr1.csproj", "{25117D7C-760D-4963-B1A1-8E4DEE67089E}"
EndProject
Global
	GlobalSection(SolutionConfigurationPlatforms) = preSolution
		Debug|Any CPU = Debug|Any CPU
		Release|Any CPU = Release|Any CPU
	EndGlobalSection
	GlobalSection(ProjectConfigurationPlatforms) = postSolution
		{25117D7C-760D-4963-B1A1-8E4DEE67089E}.Debug|Any CPU.ActiveCfg = Debug|Any CPU
		{25117D7C-760D-4963-B1A1-8E4DEE67089E}.Debug|Any CPU.Build.0 = Debug|Any CPU
		{25117D7C-760D-4963-B1A1-8E4DEE67089E}.Release|Any CPU.ActiveCfg = Release|Any CPU
		{25117D7C-760D-4963-B1A1-8E4DEE67089E}.Release|Any CPU.Build.0 = Release|Any CPU
	EndGlobalSection
	GlobalSection(SolutionProperties) = preSolution
		HideSolutionNode = FALSE
	EndGlobalSection
	GlobalSection(ExtensibilityGlobals) = postSolution
		SolutionGuid = {4741BAAB-616A-46EA-B2FB-1D2A8B055710}
	EndGlobalSection
EndGlobal
